// !$*UTF8*$!
{
	archiveVersion = 1;
	classes = {
	};
	objectVersion = 56;
	objects = {

/* Begin PBXBuildFile section */
		100946432BCCB90C00C2D697 /* CustomDatePicker.swift in Sources */ = {isa = PBXBuildFile; fileRef = 100946422BCCB90C00C2D697 /* CustomDatePicker.swift */; };
		100946452BCCCE8500C2D697 /* Home.swift in Sources */ = {isa = PBXBuildFile; fileRef = 100946442BCCCE8500C2D697 /* Home.swift */; };
		10386D942BC7B462008A061E /* NC1App.swift in Sources */ = {isa = PBXBuildFile; fileRef = 10386D932BC7B462008A061E /* NC1App.swift */; };
		10386D962BC7B462008A061E /* ContentView.swift in Sources */ = {isa = PBXBuildFile; fileRef = 10386D952BC7B462008A061E /* ContentView.swift */; };
		10386D982BC7B462008A061E /* Model.swift in Sources */ = {isa = PBXBuildFile; fileRef = 10386D972BC7B462008A061E /* Model.swift */; };
		10386D9A2BC7B463008A061E /* Assets.xcassets in Resources */ = {isa = PBXBuildFile; fileRef = 10386D992BC7B463008A061E /* Assets.xcassets */; };
		10386D9D2BC7B463008A061E /* Preview Assets.xcassets in Resources */ = {isa = PBXBuildFile; fileRef = 10386D9C2BC7B463008A061E /* Preview Assets.xcassets */; };
		106600AD2BC7FE9000CC61E6 /* MainView.swift in Sources */ = {isa = PBXBuildFile; fileRef = 106600AC2BC7FE9000CC61E6 /* MainView.swift */; };
		106600B12BC8DEBD00CC61E6 /* 쿵야.png in Resources */ = {isa = PBXBuildFile; fileRef = 106600B02BC8DEBD00CC61E6 /* 쿵야.png */; };
		106B07D52BCE83F500B0EF4A /* MenuCell.swift in Sources */ = {isa = PBXBuildFile; fileRef = 106B07D42BCE83F500B0EF4A /* MenuCell.swift */; };
		106B07D72BCE843600B0EF4A /* StoredData.swift in Sources */ = {isa = PBXBuildFile; fileRef = 106B07D62BCE843600B0EF4A /* StoredData.swift */; };
		10A2F3D12BCD0D960047FBC3 /* Task.swift in Sources */ = {isa = PBXBuildFile; fileRef = 10A2F3D02BCD0D960047FBC3 /* Task.swift */; };
		10E511252BCCF11400AA434A /* Content2View.swift in Sources */ = {isa = PBXBuildFile; fileRef = 10E511242BCCF11400AA434A /* Content2View.swift */; };
		10E511272BCCF7A600AA434A /* DateValue.swift in Sources */ = {isa = PBXBuildFile; fileRef = 10E511262BCCF7A600AA434A /* DateValue.swift */; };
		10E587D62BCABBA500BA2C59 /* DateSelectionView.swift in Sources */ = {isa = PBXBuildFile; fileRef = 10E587D52BCABBA500BA2C59 /* DateSelectionView.swift */; };
/* End PBXBuildFile section */

/* Begin PBXFileReference section */
		100946422BCCB90C00C2D697 /* CustomDatePicker.swift */ = {isa = PBXFileReference; lastKnownFileType = sourcecode.swift; path = CustomDatePicker.swift; sourceTree = "<group>"; };
		100946442BCCCE8500C2D697 /* Home.swift */ = {isa = PBXFileReference; lastKnownFileType = sourcecode.swift; path = Home.swift; sourceTree = "<group>"; };
		10386D902BC7B462008A061E /* NC1.app */ = {isa = PBXFileReference; explicitFileType = wrapper.application; includeInIndex = 0; path = NC1.app; sourceTree = BUILT_PRODUCTS_DIR; };
		10386D932BC7B462008A061E /* NC1App.swift */ = {isa = PBXFileReference; lastKnownFileType = sourcecode.swift; path = NC1App.swift; sourceTree = "<group>"; };
		10386D952BC7B462008A061E /* ContentView.swift */ = {isa = PBXFileReference; lastKnownFileType = sourcecode.swift; path = ContentView.swift; sourceTree = "<group>"; };
		10386D972BC7B462008A061E /* Model.swift */ = {isa = PBXFileReference; lastKnownFileType = sourcecode.swift; path = Model.swift; sourceTree = "<group>"; };
		10386D992BC7B463008A061E /* Assets.xcassets */ = {isa = PBXFileReference; lastKnownFileType = folder.assetcatalog; path = Assets.xcassets; sourceTree = "<group>"; };
		10386D9C2BC7B463008A061E /* Preview Assets.xcassets */ = {isa = PBXFileReference; lastKnownFileType = folder.assetcatalog; path = "Preview Assets.xcassets"; sourceTree = "<group>"; };
		106600AC2BC7FE9000CC61E6 /* MainView.swift */ = {isa = PBXFileReference; lastKnownFileType = sourcecode.swift; path = MainView.swift; sourceTree = "<group>"; };
		106600B02BC8DEBD00CC61E6 /* 쿵야.png */ = {isa = PBXFileReference; lastKnownFileType = image.png; path = "쿵야.png"; sourceTree = "<group>"; };
		106B07D42BCE83F500B0EF4A /* MenuCell.swift */ = {isa = PBXFileReference; lastKnownFileType = sourcecode.swift; path = MenuCell.swift; sourceTree = "<group>"; };
		106B07D62BCE843600B0EF4A /* StoredData.swift */ = {isa = PBXFileReference; lastKnownFileType = sourcecode.swift; path = StoredData.swift; sourceTree = "<group>"; };
		10A2F3D02BCD0D960047FBC3 /* Task.swift */ = {isa = PBXFileReference; lastKnownFileType = sourcecode.swift; path = Task.swift; sourceTree = "<group>"; };
		10E511242BCCF11400AA434A /* Content2View.swift */ = {isa = PBXFileReference; lastKnownFileType = sourcecode.swift; path = Content2View.swift; sourceTree = "<group>"; };
		10E511262BCCF7A600AA434A /* DateValue.swift */ = {isa = PBXFileReference; lastKnownFileType = sourcecode.swift; path = DateValue.swift; sourceTree = "<group>"; };
		10E587D52BCABBA500BA2C59 /* DateSelectionView.swift */ = {isa = PBXFileReference; lastKnownFileType = sourcecode.swift; path = DateSelectionView.swift; sourceTree = "<group>"; };
/* End PBXFileReference section */

/* Begin PBXFrameworksBuildPhase section */
		10386D8D2BC7B462008A061E /* Frameworks */ = {
			isa = PBXFrameworksBuildPhase;
			buildActionMask = 2147483647;
			files = (
			);
			runOnlyForDeploymentPostprocessing = 0;
		};
/* End PBXFrameworksBuildPhase section */

/* Begin PBXGroup section */
		100946462BCCEF6500C2D697 /* Model */ = {
			isa = PBXGroup;
			children = (
				10386D972BC7B462008A061E /* Model.swift */,
				10A2F3D02BCD0D960047FBC3 /* Task.swift */,
				10E511262BCCF7A600AA434A /* DateValue.swift */,
			);
			path = Model;
			sourceTree = "<group>";
		};
		10386D872BC7B462008A061E = {
			isa = PBXGroup;
			children = (
				100946462BCCEF6500C2D697 /* Model */,
				10386D922BC7B462008A061E /* NC1 */,
				10386D912BC7B462008A061E /* Products */,
			);
			sourceTree = "<group>";
		};
		10386D912BC7B462008A061E /* Products */ = {
			isa = PBXGroup;
			children = (
				10386D902BC7B462008A061E /* NC1.app */,
			);
			name = Products;
			sourceTree = "<group>";
		};
		10386D922BC7B462008A061E /* NC1 */ = {
			isa = PBXGroup;
			children = (
				100946422BCCB90C00C2D697 /* CustomDatePicker.swift */,
				100946442BCCCE8500C2D697 /* Home.swift */,
				10E511242BCCF11400AA434A /* Content2View.swift */,
				10386D932BC7B462008A061E /* NC1App.swift */,
				106600AC2BC7FE9000CC61E6 /* MainView.swift */,
				10E587D52BCABBA500BA2C59 /* DateSelectionView.swift */,
				106B07D42BCE83F500B0EF4A /* MenuCell.swift */,
				106B07D62BCE843600B0EF4A /* StoredData.swift */,
				10386D952BC7B462008A061E /* ContentView.swift */,
				10386D992BC7B463008A061E /* Assets.xcassets */,
				10386D9B2BC7B463008A061E /* Preview Content */,
			);
			path = NC1;
			sourceTree = "<group>";
		};
		10386D9B2BC7B463008A061E /* Preview Content */ = {
			isa = PBXGroup;
			children = (
				106600B02BC8DEBD00CC61E6 /* 쿵야.png */,
				10386D9C2BC7B463008A061E /* Preview Assets.xcassets */,
			);
			path = "Preview Content";
			sourceTree = "<group>";
		};
/* End PBXGroup section */

/* Begin PBXNativeTarget section */
		10386D8F2BC7B462008A061E /* NC1 */ = {
			isa = PBXNativeTarget;
			buildConfigurationList = 10386DA02BC7B463008A061E /* Build configuration list for PBXNativeTarget "NC1" */;
			buildPhases = (
				10386D8C2BC7B462008A061E /* Sources */,
				10386D8D2BC7B462008A061E /* Frameworks */,
				10386D8E2BC7B462008A061E /* Resources */,
			);
			buildRules = (
			);
			dependencies = (
			);
			name = NC1;
			productName = NC1;
			productReference = 10386D902BC7B462008A061E /* NC1.app */;
			productType = "com.apple.product-type.application";
		};
/* End PBXNativeTarget section */

/* Begin PBXProject section */
		10386D882BC7B462008A061E /* Project object */ = {
			isa = PBXProject;
			attributes = {
				BuildIndependentTargetsInParallel = 1;
				LastSwiftUpdateCheck = 1530;
				LastUpgradeCheck = 1530;
				TargetAttributes = {
					10386D8F2BC7B462008A061E = {
						CreatedOnToolsVersion = 15.3;
					};
				};
			};
			buildConfigurationList = 10386D8B2BC7B462008A061E /* Build configuration list for PBXProject "NC1" */;
			compatibilityVersion = "Xcode 14.0";
			developmentRegion = en;
			hasScannedForEncodings = 0;
			knownRegions = (
				en,
				Base,
			);
			mainGroup = 10386D872BC7B462008A061E;
			productRefGroup = 10386D912BC7B462008A061E /* Products */;
			projectDirPath = "";
			projectRoot = "";
			targets = (
				10386D8F2BC7B462008A061E /* NC1 */,
			);
		};
/* End PBXProject section */

/* Begin PBXResourcesBuildPhase section */
		10386D8E2BC7B462008A061E /* Resources */ = {
			isa = PBXResourcesBuildPhase;
			buildActionMask = 2147483647;
			files = (
				10386D9D2BC7B463008A061E /* Preview Assets.xcassets in Resources */,
				10386D9A2BC7B463008A061E /* Assets.xcassets in Resources */,
				106600B12BC8DEBD00CC61E6 /* 쿵야.png in Resources */,
			);
			runOnlyForDeploymentPostprocessing = 0;
		};
/* End PBXResourcesBuildPhase section */

/* Begin PBXSourcesBuildPhase section */
		10386D8C2BC7B462008A061E /* Sources */ = {
			isa = PBXSourcesBuildPhase;
			buildActionMask = 2147483647;
			files = (
				10386D962BC7B462008A061E /* ContentView.swift in Sources */,
				10386D982BC7B462008A061E /* Model.swift in Sources */,
				10A2F3D12BCD0D960047FBC3 /* Task.swift in Sources */,
				100946432BCCB90C00C2D697 /* CustomDatePicker.swift in Sources */,
				10E587D62BCABBA500BA2C59 /* DateSelectionView.swift in Sources */,
				106B07D52BCE83F500B0EF4A /* MenuCell.swift in Sources */,
				106600AD2BC7FE9000CC61E6 /* MainView.swift in Sources */,
				10E511252BCCF11400AA434A /* Content2View.swift in Sources */,
				10E511272BCCF7A600AA434A /* DateValue.swift in Sources */,
				10386D942BC7B462008A061E /* NC1App.swift in Sources */,
				106B07D72BCE843600B0EF4A /* StoredData.swift in Sources */,
				100946452BCCCE8500C2D697 /* Home.swift in Sources */,
			);
			runOnlyForDeploymentPostprocessing = 0;
		};
/* End PBXSourcesBuildPhase section */

/* Begin XCBuildConfiguration section */
		10386D9E2BC7B463008A061E /* Debug */ = {
			isa = XCBuildConfiguration;
			buildSettings = {
				ALWAYS_SEARCH_USER_PATHS = NO;
				ASSETCATALOG_COMPILER_GENERATE_SWIFT_ASSET_SYMBOL_EXTENSIONS = YES;
				CLANG_ANALYZER_NONNULL = YES;
				CLANG_ANALYZER_NUMBER_OBJECT_CONVERSION = YES_AGGRESSIVE;
				CLANG_CXX_LANGUAGE_STANDARD = "gnu++20";
				CLANG_ENABLE_MODULES = YES;
				CLANG_ENABLE_OBJC_ARC = YES;
				CLANG_ENABLE_OBJC_WEAK = YES;
				CLANG_WARN_BLOCK_CAPTURE_AUTORELEASING = YES;
				CLANG_WARN_BOOL_CONVERSION = YES;
				CLANG_WARN_COMMA = YES;
				CLANG_WARN_CONSTANT_CONVERSION = YES;
				CLANG_WARN_DEPRECATED_OBJC_IMPLEMENTATIONS = YES;
				CLANG_WARN_DIRECT_OBJC_ISA_USAGE = YES_ERROR;
				CLANG_WARN_DOCUMENTATION_COMMENTS = YES;
				CLANG_WARN_EMPTY_BODY = YES;
				CLANG_WARN_ENUM_CONVERSION = YES;
				CLANG_WARN_INFINITE_RECURSION = YES;
				CLANG_WARN_INT_CONVERSION = YES;
				CLANG_WARN_NON_LITERAL_NULL_CONVERSION = YES;
				CLANG_WARN_OBJC_IMPLICIT_RETAIN_SELF = YES;
				CLANG_WARN_OBJC_LITERAL_CONVERSION = YES;
				CLANG_WARN_OBJC_ROOT_CLASS = YES_ERROR;
				CLANG_WARN_QUOTED_INCLUDE_IN_FRAMEWORK_HEADER = YES;
				CLANG_WARN_RANGE_LOOP_ANALYSIS = YES;
				CLANG_WARN_STRICT_PROTOTYPES = YES;
				CLANG_WARN_SUSPICIOUS_MOVE = YES;
				CLANG_WARN_UNGUARDED_AVAILABILITY = YES_AGGRESSIVE;
				CLANG_WARN_UNREACHABLE_CODE = YES;
				CLANG_WARN__DUPLICATE_METHOD_MATCH = YES;
				COPY_PHASE_STRIP = NO;
				DEBUG_INFORMATION_FORMAT = dwarf;
				ENABLE_STRICT_OBJC_MSGSEND = YES;
				ENABLE_TESTABILITY = YES;
				ENABLE_USER_SCRIPT_SANDBOXING = YES;
				GCC_C_LANGUAGE_STANDARD = gnu17;
				GCC_DYNAMIC_NO_PIC = NO;
				GCC_NO_COMMON_BLOCKS = YES;
				GCC_OPTIMIZATION_LEVEL = 0;
				GCC_PREPROCESSOR_DEFINITIONS = (
					"DEBUG=1",
					"$(inherited)",
				);
				GCC_WARN_64_TO_32_BIT_CONVERSION = YES;
				GCC_WARN_ABOUT_RETURN_TYPE = YES_ERROR;
				GCC_WARN_UNDECLARED_SELECTOR = YES;
				GCC_WARN_UNINITIALIZED_AUTOS = YES_AGGRESSIVE;
				GCC_WARN_UNUSED_FUNCTION = YES;
				GCC_WARN_UNUSED_VARIABLE = YES;
				IPHONEOS_DEPLOYMENT_TARGET = 17.4;
				LOCALIZATION_PREFERS_STRING_CATALOGS = YES;
				MTL_ENABLE_DEBUG_INFO = INCLUDE_SOURCE;
				MTL_FAST_MATH = YES;
				ONLY_ACTIVE_ARCH = YES;
				SDKROOT = iphoneos;
				SWIFT_ACTIVE_COMPILATION_CONDITIONS = "DEBUG $(inherited)";
				SWIFT_OPTIMIZATION_LEVEL = "-Onone";
			};
			name = Debug;
		};
		10386D9F2BC7B463008A061E /* Release */ = {
			isa = XCBuildConfiguration;
			buildSettings = {
				ALWAYS_SEARCH_USER_PATHS = NO;
				ASSETCATALOG_COMPILER_GENERATE_SWIFT_ASSET_SYMBOL_EXTENSIONS = YES;
				CLANG_ANALYZER_NONNULL = YES;
				CLANG_ANALYZER_NUMBER_OBJECT_CONVERSION = YES_AGGRESSIVE;
				CLANG_CXX_LANGUAGE_STANDARD = "gnu++20";
				CLANG_ENABLE_MODULES = YES;
				CLANG_ENABLE_OBJC_ARC = YES;
				CLANG_ENABLE_OBJC_WEAK = YES;
				CLANG_WARN_BLOCK_CAPTURE_AUTORELEASING = YES;
				CLANG_WARN_BOOL_CONVERSION = YES;
				CLANG_WARN_COMMA = YES;
				CLANG_WARN_CONSTANT_CONVERSION = YES;
				CLANG_WARN_DEPRECATED_OBJC_IMPLEMENTATIONS = YES;
				CLANG_WARN_DIRECT_OBJC_ISA_USAGE = YES_ERROR;
				CLANG_WARN_DOCUMENTATION_COMMENTS = YES;
				CLANG_WARN_EMPTY_BODY = YES;
				CLANG_WARN_ENUM_CONVERSION = YES;
				CLANG_WARN_INFINITE_RECURSION = YES;
				CLANG_WARN_INT_CONVERSION = YES;
				CLANG_WARN_NON_LITERAL_NULL_CONVERSION = YES;
				CLANG_WARN_OBJC_IMPLICIT_RETAIN_SELF = YES;
				CLANG_WARN_OBJC_LITERAL_CONVERSION = YES;
				CLANG_WARN_OBJC_ROOT_CLASS = YES_ERROR;
				CLANG_WARN_QUOTED_INCLUDE_IN_FRAMEWORK_HEADER = YES;
				CLANG_WARN_RANGE_LOOP_ANALYSIS = YES;
				CLANG_WARN_STRICT_PROTOTYPES = YES;
				CLANG_WARN_SUSPICIOUS_MOVE = YES;
				CLANG_WARN_UNGUARDED_AVAILABILITY = YES_AGGRESSIVE;
				CLANG_WARN_UNREACHABLE_CODE = YES;
				CLANG_WARN__DUPLICATE_METHOD_MATCH = YES;
				COPY_PHASE_STRIP = NO;
				DEBUG_INFORMATION_FORMAT = "dwarf-with-dsym";
				ENABLE_NS_ASSERTIONS = NO;
				ENABLE_STRICT_OBJC_MSGSEND = YES;
				ENABLE_USER_SCRIPT_SANDBOXING = YES;
				GCC_C_LANGUAGE_STANDARD = gnu17;
				GCC_NO_COMMON_BLOCKS = YES;
				GCC_WARN_64_TO_32_BIT_CONVERSION = YES;
				GCC_WARN_ABOUT_RETURN_TYPE = YES_ERROR;
				GCC_WARN_UNDECLARED_SELECTOR = YES;
				GCC_WARN_UNINITIALIZED_AUTOS = YES_AGGRESSIVE;
				GCC_WARN_UNUSED_FUNCTION = YES;
				GCC_WARN_UNUSED_VARIABLE = YES;
				IPHONEOS_DEPLOYMENT_TARGET = 17.4;
				LOCALIZATION_PREFERS_STRING_CATALOGS = YES;
				MTL_ENABLE_DEBUG_INFO = NO;
				MTL_FAST_MATH = YES;
				SDKROOT = iphoneos;
				SWIFT_COMPILATION_MODE = wholemodule;
				VALIDATE_PRODUCT = YES;
			};
			name = Release;
		};
		10386DA12BC7B463008A061E /* Debug */ = {
			isa = XCBuildConfiguration;
			buildSettings = {
				ASSETCATALOG_COMPILER_APPICON_NAME = AppIcon;
				ASSETCATALOG_COMPILER_GLOBAL_ACCENT_COLOR_NAME = AccentColor;
				CODE_SIGN_STYLE = Automatic;
				CURRENT_PROJECT_VERSION = 1;
				DEVELOPMENT_ASSET_PATHS = "\"NC1/Preview Content\"";
				DEVELOPMENT_TEAM = 2RLCCB29N8;
				ENABLE_PREVIEWS = YES;
				GENERATE_INFOPLIST_FILE = YES;
				INFOPLIST_KEY_UIApplicationSceneManifest_Generation = YES;
				INFOPLIST_KEY_UIApplicationSupportsIndirectInputEvents = YES;
				INFOPLIST_KEY_UILaunchScreen_Generation = YES;
				INFOPLIST_KEY_UISupportedInterfaceOrientations_iPad = "UIInterfaceOrientationPortrait UIInterfaceOrientationPortraitUpsideDown UIInterfaceOrientationLandscapeLeft UIInterfaceOrientationLandscapeRight";
				INFOPLIST_KEY_UISupportedInterfaceOrientations_iPhone = "UIInterfaceOrientationPortrait UIInterfaceOrientationLandscapeLeft UIInterfaceOrientationLandscapeRight";
				LD_RUNPATH_SEARCH_PATHS = (
					"$(inherited)",
					"@executable_path/Frameworks",
				);
				MARKETING_VERSION = 1.0;
				PRODUCT_BUNDLE_IDENTIFIER = Rara.NC1;
				PRODUCT_NAME = "$(TARGET_NAME)";
				SWIFT_EMIT_LOC_STRINGS = YES;
				SWIFT_VERSION = 5.0;
				TARGETED_DEVICE_FAMILY = "1,2";
			};
			name = Debug;
		};
		10386DA22BC7B463008A061E /* Release */ = {
			isa = XCBuildConfiguration;
			buildSettings = {
				ASSETCATALOG_COMPILER_APPICON_NAME = AppIcon;
				ASSETCATALOG_COMPILER_GLOBAL_ACCENT_COLOR_NAME = AccentColor;
				CODE_SIGN_STYLE = Automatic;
				CURRENT_PROJECT_VERSION = 1;
				DEVELOPMENT_ASSET_PATHS = "\"NC1/Preview Content\"";
				DEVELOPMENT_TEAM = 2RLCCB29N8;
				ENABLE_PREVIEWS = YES;
				GENERATE_INFOPLIST_FILE = YES;
				INFOPLIST_KEY_UIApplicationSceneManifest_Generation = YES;
				INFOPLIST_KEY_UIApplicationSupportsIndirectInputEvents = YES;
				INFOPLIST_KEY_UILaunchScreen_Generation = YES;
				INFOPLIST_KEY_UISupportedInterfaceOrientations_iPad = "UIInterfaceOrientationPortrait UIInterfaceOrientationPortraitUpsideDown UIInterfaceOrientationLandscapeLeft UIInterfaceOrientationLandscapeRight";
				INFOPLIST_KEY_UISupportedInterfaceOrientations_iPhone = "UIInterfaceOrientationPortrait UIInterfaceOrientationLandscapeLeft UIInterfaceOrientationLandscapeRight";
				LD_RUNPATH_SEARCH_PATHS = (
					"$(inherited)",
					"@executable_path/Frameworks",
				);
				MARKETING_VERSION = 1.0;
				PRODUCT_BUNDLE_IDENTIFIER = Rara.NC1;
				PRODUCT_NAME = "$(TARGET_NAME)";
				SWIFT_EMIT_LOC_STRINGS = YES;
				SWIFT_VERSION = 5.0;
				TARGETED_DEVICE_FAMILY = "1,2";
			};
			name = Release;
		};
/* End XCBuildConfiguration section */

/* Begin XCConfigurationList section */
		10386D8B2BC7B462008A061E /* Build configuration list for PBXProject "NC1" */ = {
			isa = XCConfigurationList;
			buildConfigurations = (
				10386D9E2BC7B463008A061E /* Debug */,
				10386D9F2BC7B463008A061E /* Release */,
			);
			defaultConfigurationIsVisible = 0;
			defaultConfigurationName = Release;
		};
		10386DA02BC7B463008A061E /* Build configuration list for PBXNativeTarget "NC1" */ = {
			isa = XCConfigurationList;
			buildConfigurations = (
				10386DA12BC7B463008A061E /* Debug */,
				10386DA22BC7B463008A061E /* Release */,
			);
			defaultConfigurationIsVisible = 0;
			defaultConfigurationName = Release;
		};
/* End XCConfigurationList section */
	};
	rootObject = 10386D882BC7B462008A061E /* Project object */;
}
